
Microsoft Visual Studio Solution File, Format Version 12.00
# Visual Studio 15
VisualStudioVersion = 15.0.28307.1259
MinimumVisualStudioVersion = 10.0.40219.1
Project("{8BC9CEB8-8B4A-11D0-8D11-00A0C91BC942}") = "hwP15", "hwP15\hwP15.vcxproj", "{66CBB2D5-D397-479B-B902-E0E20703BAF5}"
EndProject
Global
	GlobalSection(SolutionConfigurationPlatforms) = preSolution
		Debug|x64 = Debug|x64
		Debug|x86 = Debug|x86
		Release|x64 = Release|x64
		Release|x86 = Release|x86
	EndGlobalSection
	GlobalSection(ProjectConfigurationPlatforms) = postSolution
		{66CBB2D5-D397-479B-B902-E0E20703BAF5}.Debug|x64.ActiveCfg = Debug|x64
		{66CBB2D5-D397-479B-B902-E0E20703BAF5}.Debug|x64.Build.0 = Debug|x64
		{66CBB2D5-D397-479B-B902-E0E20703BAF5}.Debug|x86.ActiveCfg = Debug|Win32
		{66CBB2D5-D397-479B-B902-E0E20703BAF5}.Debug|x86.Build.0 = Debug|Win32
		{66CBB2D5-D397-479B-B902-E0E20703BAF5}.Release|x64.ActiveCfg = Release|x64
		{66CBB2D5-D397-479B-B902-E0E20703BAF5}.Release|x64.Build.0 = Release|x64
		{66CBB2D5-D397-479B-B902-E0E20703BAF5}.Release|x86.ActiveCfg = Release|Win32
		{66CBB2D5-D397-479B-B902-E0E20703BAF5}.Release|x86.Build.0 = Release|Win32
	EndGlobalSection
	GlobalSection(SolutionProperties) = preSolution
		HideSolutionNode = FALSE
	EndGlobalSection
	GlobalSection(ExtensibilityGlobals) = postSolution
		SolutionGuid = {5CF47D04-F959-4892-9B85-B7EA33C9F8D7}
	EndGlobalSection
EndGlobal
